
Microsoft Visual Studio Solution File, Format Version 12.00
# Visual Studio Version 17
VisualStudioVersion = 17.7.34024.191
MinimumVisualStudioVersion = 10.0.40219.1
Project("{FAE04EC0-301F-11D3-BF4B-00C04F79EFBC}") = "5sroCsharp", "5sroCsharp\5sroCsharp.csproj", "{32740AD3-471C-443B-AC22-A9A9F5B6C6F7}"
EndProject
Global
	GlobalSection(SolutionConfigurationPlatforms) = preSolution
		Debug|Any CPU = Debug|Any CPU
		Release|Any CPU = Release|Any CPU
	EndGlobalSection
	GlobalSection(ProjectConfigurationPlatforms) = postSolution
		{32740AD3-471C-443B-AC22-A9A9F5B6C6F7}.Debug|Any CPU.ActiveCfg = Debug|Any CPU
		{32740AD3-471C-443B-AC22-A9A9F5B6C6F7}.Debug|Any CPU.Build.0 = Debug|Any CPU
		{32740AD3-471C-443B-AC22-A9A9F5B6C6F7}.Release|Any CPU.ActiveCfg = Release|Any CPU
		{32740AD3-471C-443B-AC22-A9A9F5B6C6F7}.Release|Any CPU.Build.0 = Release|Any CPU
	EndGlobalSection
	GlobalSection(SolutionProperties) = preSolution
		HideSolutionNode = FALSE
	EndGlobalSection
	GlobalSection(ExtensibilityGlobals) = postSolution
		SolutionGuid = {7C0DE74D-0BAE-4C83-8C61-35B9822E1CCA}
	EndGlobalSection
EndGlobal
